# This file is automatically @generated by Cargo.
# It is not intended for manual editing.
version = 4

[[package]]
name = "fylz-archive"
version = "0.1.0"

[[package]]
name = "fylz-clean"
version = "0.1.0"

[[package]]
name = "fylz-ffi-android"
version = "0.1.0"

[[package]]
name = "fylz-ffi-qt"
version = "0.1.0"

[[package]]
name = "fylz-index"
version = "0.1.0"

[[package]]
name = "fylz-query"
version = "0.1.0"

[[package]]
name = "fylz-rename"
version = "0.1.0"

[[package]]
name = "fylz-sniff"
version = "0.1.0"

[[package]]
name = "fylz-types"
version = "0.1.0"

[[package]]
name = "fylz-usb"
version = "0.1.0"

[[package]]
name = "fylz-verify"
version = "0.1.0"
